{
  "name": "curso-cypress-v2",
  "version": "1.0.0",
  "lockfileVersion": 3,
  "requires": true,
  "packages": {
    "": {
      "name": "curso-cypress-v2",
      "version": "1.0.0",
      "license": "MIT",
      "dependencies": {
        "curso-cypress-v2": "file:"
      }
    },
    "node_modules/curso-cypress-v2": {
      "resolved": "",
      "link": true
    }
  }
}
